// !$*UTF8*$!
{
	archiveVersion = 1;
	classes = {
	};
	objectVersion = 55;
	objects = {

/* Begin PBXBuildFile section */
		2858D672285632B300CD6F60 /* AppDelegate.swift in Sources */ = {isa = PBXBuildFile; fileRef = 2858D671285632B300CD6F60 /* AppDelegate.swift */; };
		2858D674285632B300CD6F60 /* SceneDelegate.swift in Sources */ = {isa = PBXBuildFile; fileRef = 2858D673285632B300CD6F60 /* SceneDelegate.swift */; };
		2858D676285632B300CD6F60 /* ViewController.swift in Sources */ = {isa = PBXBuildFile; fileRef = 2858D675285632B300CD6F60 /* ViewController.swift */; };
		2858D679285632B300CD6F60 /* Main.storyboard in Resources */ = {isa = PBXBuildFile; fileRef = 2858D677285632B300CD6F60 /* Main.storyboard */; };
		2858D67C285632B300CD6F60 /* AuthIOS.xcdatamodeld in Sources */ = {isa = PBXBuildFile; fileRef = 2858D67A285632B300CD6F60 /* AuthIOS.xcdatamodeld */; };
		2858D67E285632B700CD6F60 /* Assets.xcassets in Resources */ = {isa = PBXBuildFile; fileRef = 2858D67D285632B700CD6F60 /* Assets.xcassets */; };
		2858D681285632B700CD6F60 /* LaunchScreen.storyboard in Resources */ = {isa = PBXBuildFile; fileRef = 2858D67F285632B700CD6F60 /* LaunchScreen.storyboard */; };
		2858D68C285632B700CD6F60 /* AuthIOSTests.swift in Sources */ = {isa = PBXBuildFile; fileRef = 2858D68B285632B700CD6F60 /* AuthIOSTests.swift */; };
		2858D696285632B700CD6F60 /* AuthIOSUITests.swift in Sources */ = {isa = PBXBuildFile; fileRef = 2858D695285632B700CD6F60 /* AuthIOSUITests.swift */; };
		2858D698285632B700CD6F60 /* AuthIOSUITestsLaunchTests.swift in Sources */ = {isa = PBXBuildFile; fileRef = 2858D697285632B700CD6F60 /* AuthIOSUITestsLaunchTests.swift */; };
		2858D6D22856334000CD6F60 /* VCLAuth.framework in Frameworks */ = {isa = PBXBuildFile; fileRef = 2858D6CE2856332C00CD6F60 /* VCLAuth.framework */; };
		2858D6D32856334000CD6F60 /* VCLAuth.framework in Embed Frameworks */ = {isa = PBXBuildFile; fileRef = 2858D6CE2856332C00CD6F60 /* VCLAuth.framework */; settings = {ATTRIBUTES = (CodeSignOnCopy, RemoveHeadersOnCopy, ); }; };
/* End PBXBuildFile section */

/* Begin PBXContainerItemProxy section */
		2858D688285632B700CD6F60 /* PBXContainerItemProxy */ = {
			isa = PBXContainerItemProxy;
			containerPortal = 2858D666285632B300CD6F60 /* Project object */;
			proxyType = 1;
			remoteGlobalIDString = 2858D66D285632B300CD6F60;
			remoteInfo = AuthIOS;
		};
		2858D692285632B700CD6F60 /* PBXContainerItemProxy */ = {
			isa = PBXContainerItemProxy;
			containerPortal = 2858D666285632B300CD6F60 /* Project object */;
			proxyType = 1;
			remoteGlobalIDString = 2858D66D285632B300CD6F60;
			remoteInfo = AuthIOS;
		};
		2858D6CD2856332C00CD6F60 /* PBXContainerItemProxy */ = {
			isa = PBXContainerItemProxy;
			containerPortal = 2858D6C82856332C00CD6F60 /* VCLAuth.xcodeproj */;
			proxyType = 2;
			remoteGlobalIDString = 2858D6AE2856330D00CD6F60;
			remoteInfo = VCLAuth;
		};
		2858D6CF2856332C00CD6F60 /* PBXContainerItemProxy */ = {
			isa = PBXContainerItemProxy;
			containerPortal = 2858D6C82856332C00CD6F60 /* VCLAuth.xcodeproj */;
			proxyType = 2;
			remoteGlobalIDString = 2858D6B82856330E00CD6F60;
			remoteInfo = VCLAuthTests;
		};
/* End PBXContainerItemProxy section */

/* Begin PBXCopyFilesBuildPhase section */
		2858D6D42856334000CD6F60 /* Embed Frameworks */ = {
			isa = PBXCopyFilesBuildPhase;
			buildActionMask = 2147483647;
			dstPath = "";
			dstSubfolderSpec = 10;
			files = (
				2858D6D32856334000CD6F60 /* VCLAuth.framework in Embed Frameworks */,
			);
			name = "Embed Frameworks";
			runOnlyForDeploymentPostprocessing = 0;
		};
/* End PBXCopyFilesBuildPhase section */

/* Begin PBXFileReference section */
		2858D66E285632B300CD6F60 /* AuthIOS.app */ = {isa = PBXFileReference; explicitFileType = wrapper.application; includeInIndex = 0; path = AuthIOS.app; sourceTree = BUILT_PRODUCTS_DIR; };
		2858D671285632B300CD6F60 /* AppDelegate.swift */ = {isa = PBXFileReference; lastKnownFileType = sourcecode.swift; path = AppDelegate.swift; sourceTree = "<group>"; };
		2858D673285632B300CD6F60 /* SceneDelegate.swift */ = {isa = PBXFileReference; lastKnownFileType = sourcecode.swift; path = SceneDelegate.swift; sourceTree = "<group>"; };
		2858D675285632B300CD6F60 /* ViewController.swift */ = {isa = PBXFileReference; lastKnownFileType = sourcecode.swift; path = ViewController.swift; sourceTree = "<group>"; };
		2858D678285632B300CD6F60 /* Base */ = {isa = PBXFileReference; lastKnownFileType = file.storyboard; name = Base; path = Base.lproj/Main.storyboard; sourceTree = "<group>"; };
		2858D67B285632B300CD6F60 /* AuthIOS.xcdatamodel */ = {isa = PBXFileReference; lastKnownFileType = wrapper.xcdatamodel; path = AuthIOS.xcdatamodel; sourceTree = "<group>"; };
		2858D67D285632B700CD6F60 /* Assets.xcassets */ = {isa = PBXFileReference; lastKnownFileType = folder.assetcatalog; path = Assets.xcassets; sourceTree = "<group>"; };
		2858D680285632B700CD6F60 /* Base */ = {isa = PBXFileReference; lastKnownFileType = file.storyboard; name = Base; path = Base.lproj/LaunchScreen.storyboard; sourceTree = "<group>"; };
		2858D682285632B700CD6F60 /* Info.plist */ = {isa = PBXFileReference; lastKnownFileType = text.plist.xml; path = Info.plist; sourceTree = "<group>"; };
		2858D687285632B700CD6F60 /* AuthIOSTests.xctest */ = {isa = PBXFileReference; explicitFileType = wrapper.cfbundle; includeInIndex = 0; path = AuthIOSTests.xctest; sourceTree = BUILT_PRODUCTS_DIR; };
		2858D68B285632B700CD6F60 /* AuthIOSTests.swift */ = {isa = PBXFileReference; lastKnownFileType = sourcecode.swift; path = AuthIOSTests.swift; sourceTree = "<group>"; };
		2858D691285632B700CD6F60 /* AuthIOSUITests.xctest */ = {isa = PBXFileReference; explicitFileType = wrapper.cfbundle; includeInIndex = 0; path = AuthIOSUITests.xctest; sourceTree = BUILT_PRODUCTS_DIR; };
		2858D695285632B700CD6F60 /* AuthIOSUITests.swift */ = {isa = PBXFileReference; lastKnownFileType = sourcecode.swift; path = AuthIOSUITests.swift; sourceTree = "<group>"; };
		2858D697285632B700CD6F60 /* AuthIOSUITestsLaunchTests.swift */ = {isa = PBXFileReference; lastKnownFileType = sourcecode.swift; path = AuthIOSUITestsLaunchTests.swift; sourceTree = "<group>"; };
		2858D6C82856332C00CD6F60 /* VCLAuth.xcodeproj */ = {isa = PBXFileReference; lastKnownFileType = "wrapper.pb-project"; name = VCLAuth.xcodeproj; path = VCLAuth/VCLAuth.xcodeproj; sourceTree = "<group>"; };
/* End PBXFileReference section */

/* Begin PBXFrameworksBuildPhase section */
		2858D66B285632B300CD6F60 /* Frameworks */ = {
			isa = PBXFrameworksBuildPhase;
			buildActionMask = 2147483647;
			files = (
				2858D6D22856334000CD6F60 /* VCLAuth.framework in Frameworks */,
			);
			runOnlyForDeploymentPostprocessing = 0;
		};
		2858D684285632B700CD6F60 /* Frameworks */ = {
			isa = PBXFrameworksBuildPhase;
			buildActionMask = 2147483647;
			files = (
			);
			runOnlyForDeploymentPostprocessing = 0;
		};
		2858D68E285632B700CD6F60 /* Frameworks */ = {
			isa = PBXFrameworksBuildPhase;
			buildActionMask = 2147483647;
			files = (
			);
			runOnlyForDeploymentPostprocessing = 0;
		};
/* End PBXFrameworksBuildPhase section */

/* Begin PBXGroup section */
		2858D665285632B300CD6F60 = {
			isa = PBXGroup;
			children = (
				2858D6C82856332C00CD6F60 /* VCLAuth.xcodeproj */,
				2858D670285632B300CD6F60 /* AuthIOS */,
				2858D68A285632B700CD6F60 /* AuthIOSTests */,
				2858D694285632B700CD6F60 /* AuthIOSUITests */,
				2858D66F285632B300CD6F60 /* Products */,
				2858D6D12856334000CD6F60 /* Frameworks */,
			);
			sourceTree = "<group>";
		};
		2858D66F285632B300CD6F60 /* Products */ = {
			isa = PBXGroup;
			children = (
				2858D66E285632B300CD6F60 /* AuthIOS.app */,
				2858D687285632B700CD6F60 /* AuthIOSTests.xctest */,
				2858D691285632B700CD6F60 /* AuthIOSUITests.xctest */,
			);
			name = Products;
			sourceTree = "<group>";
		};
		2858D670285632B300CD6F60 /* AuthIOS */ = {
			isa = PBXGroup;
			children = (
				2858D671285632B300CD6F60 /* AppDelegate.swift */,
				2858D673285632B300CD6F60 /* SceneDelegate.swift */,
				2858D675285632B300CD6F60 /* ViewController.swift */,
				2858D677285632B300CD6F60 /* Main.storyboard */,
				2858D67D285632B700CD6F60 /* Assets.xcassets */,
				2858D67F285632B700CD6F60 /* LaunchScreen.storyboard */,
				2858D682285632B700CD6F60 /* Info.plist */,
				2858D67A285632B300CD6F60 /* AuthIOS.xcdatamodeld */,
			);
			path = AuthIOS;
			sourceTree = "<group>";
		};
		2858D68A285632B700CD6F60 /* AuthIOSTests */ = {
			isa = PBXGroup;
			children = (
				2858D68B285632B700CD6F60 /* AuthIOSTests.swift */,
			);
			path = AuthIOSTests;
			sourceTree = "<group>";
		};
		2858D694285632B700CD6F60 /* AuthIOSUITests */ = {
			isa = PBXGroup;
			children = (
				2858D695285632B700CD6F60 /* AuthIOSUITests.swift */,
				2858D697285632B700CD6F60 /* AuthIOSUITestsLaunchTests.swift */,
			);
			path = AuthIOSUITests;
			sourceTree = "<group>";
		};
		2858D6C92856332C00CD6F60 /* Products */ = {
			isa = PBXGroup;
			children = (
				2858D6CE2856332C00CD6F60 /* VCLAuth.framework */,
				2858D6D02856332C00CD6F60 /* VCLAuthTests.xctest */,
			);
			name = Products;
			sourceTree = "<group>";
		};
		2858D6D12856334000CD6F60 /* Frameworks */ = {
			isa = PBXGroup;
			children = (
			);
			name = Frameworks;
			sourceTree = "<group>";
		};
/* End PBXGroup section */

/* Begin PBXNativeTarget section */
		2858D66D285632B300CD6F60 /* AuthIOS */ = {
			isa = PBXNativeTarget;
			buildConfigurationList = 2858D69B285632B700CD6F60 /* Build configuration list for PBXNativeTarget "AuthIOS" */;
			buildPhases = (
				2858D66A285632B300CD6F60 /* Sources */,
				2858D66B285632B300CD6F60 /* Frameworks */,
				2858D66C285632B300CD6F60 /* Resources */,
				2858D6D42856334000CD6F60 /* Embed Frameworks */,
			);
			buildRules = (
			);
			dependencies = (
			);
			name = AuthIOS;
			productName = AuthIOS;
			productReference = 2858D66E285632B300CD6F60 /* AuthIOS.app */;
			productType = "com.apple.product-type.application";
		};
		2858D686285632B700CD6F60 /* AuthIOSTests */ = {
			isa = PBXNativeTarget;
			buildConfigurationList = 2858D69E285632B700CD6F60 /* Build configuration list for PBXNativeTarget "AuthIOSTests" */;
			buildPhases = (
				2858D683285632B700CD6F60 /* Sources */,
				2858D684285632B700CD6F60 /* Frameworks */,
				2858D685285632B700CD6F60 /* Resources */,
			);
			buildRules = (
			);
			dependencies = (
				2858D689285632B700CD6F60 /* PBXTargetDependency */,
			);
			name = AuthIOSTests;
			productName = AuthIOSTests;
			productReference = 2858D687285632B700CD6F60 /* AuthIOSTests.xctest */;
			productType = "com.apple.product-type.bundle.unit-test";
		};
		2858D690285632B700CD6F60 /* AuthIOSUITests */ = {
			isa = PBXNativeTarget;
			buildConfigurationList = 2858D6A1285632B700CD6F60 /* Build configuration list for PBXNativeTarget "AuthIOSUITests" */;
			buildPhases = (
				2858D68D285632B700CD6F60 /* Sources */,
				2858D68E285632B700CD6F60 /* Frameworks */,
				2858D68F285632B700CD6F60 /* Resources */,
			);
			buildRules = (
			);
			dependencies = (
				2858D693285632B700CD6F60 /* PBXTargetDependency */,
			);
			name = AuthIOSUITests;
			productName = AuthIOSUITests;
			productReference = 2858D691285632B700CD6F60 /* AuthIOSUITests.xctest */;
			productType = "com.apple.product-type.bundle.ui-testing";
		};
/* End PBXNativeTarget section */

/* Begin PBXProject section */
		2858D666285632B300CD6F60 /* Project object */ = {
			isa = PBXProject;
			attributes = {
				BuildIndependentTargetsInParallel = 1;
				LastSwiftUpdateCheck = 1340;
				LastUpgradeCheck = 1340;
				TargetAttributes = {
					2858D66D285632B300CD6F60 = {
						CreatedOnToolsVersion = 13.4;
					};
					2858D686285632B700CD6F60 = {
						CreatedOnToolsVersion = 13.4;
						TestTargetID = 2858D66D285632B300CD6F60;
					};
					2858D690285632B700CD6F60 = {
						CreatedOnToolsVersion = 13.4;
						TestTargetID = 2858D66D285632B300CD6F60;
					};
				};
			};
			buildConfigurationList = 2858D669285632B300CD6F60 /* Build configuration list for PBXProject "AuthIOS" */;
			compatibilityVersion = "Xcode 13.0";
			developmentRegion = en;
			hasScannedForEncodings = 0;
			knownRegions = (
				en,
				Base,
			);
			mainGroup = 2858D665285632B300CD6F60;
			productRefGroup = 2858D66F285632B300CD6F60 /* Products */;
			projectDirPath = "";
			projectReferences = (
				{
					ProductGroup = 2858D6C92856332C00CD6F60 /* Products */;
					ProjectRef = 2858D6C82856332C00CD6F60 /* VCLAuth.xcodeproj */;
				},
			);
			projectRoot = "";
			targets = (
				2858D66D285632B300CD6F60 /* AuthIOS */,
				2858D686285632B700CD6F60 /* AuthIOSTests */,
				2858D690285632B700CD6F60 /* AuthIOSUITests */,
			);
		};
/* End PBXProject section */

/* Begin PBXReferenceProxy section */
		2858D6CE2856332C00CD6F60 /* VCLAuth.framework */ = {
			isa = PBXReferenceProxy;
			fileType = wrapper.framework;
			path = VCLAuth.framework;
			remoteRef = 2858D6CD2856332C00CD6F60 /* PBXContainerItemProxy */;
			sourceTree = BUILT_PRODUCTS_DIR;
		};
		2858D6D02856332C00CD6F60 /* VCLAuthTests.xctest */ = {
			isa = PBXReferenceProxy;
			fileType = wrapper.cfbundle;
			path = VCLAuthTests.xctest;
			remoteRef = 2858D6CF2856332C00CD6F60 /* PBXContainerItemProxy */;
			sourceTree = BUILT_PRODUCTS_DIR;
		};
/* End PBXReferenceProxy section */

/* Begin PBXResourcesBuildPhase section */
		2858D66C285632B300CD6F60 /* Resources */ = {
			isa = PBXResourcesBuildPhase;
			buildActionMask = 2147483647;
			files = (
				2858D681285632B700CD6F60 /* LaunchScreen.storyboard in Resources */,
				2858D67E285632B700CD6F60 /* Assets.xcassets in Resources */,
				2858D679285632B300CD6F60 /* Main.storyboard in Resources */,
			);
			runOnlyForDeploymentPostprocessing = 0;
		};
		2858D685285632B700CD6F60 /* Resources */ = {
			isa = PBXResourcesBuildPhase;
			buildActionMask = 2147483647;
			files = (
			);
			runOnlyForDeploymentPostprocessing = 0;
		};
		2858D68F285632B700CD6F60 /* Resources */ = {
			isa = PBXResourcesBuildPhase;
			buildActionMask = 2147483647;
			files = (
			);
			runOnlyForDeploymentPostprocessing = 0;
		};
/* End PBXResourcesBuildPhase section */

/* Begin PBXSourcesBuildPhase section */
		2858D66A285632B300CD6F60 /* Sources */ = {
			isa = PBXSourcesBuildPhase;
			buildActionMask = 2147483647;
			files = (
				2858D676285632B300CD6F60 /* ViewController.swift in Sources */,
				2858D67C285632B300CD6F60 /* AuthIOS.xcdatamodeld in Sources */,
				2858D672285632B300CD6F60 /* AppDelegate.swift in Sources */,
				2858D674285632B300CD6F60 /* SceneDelegate.swift in Sources */,
			);
			runOnlyForDeploymentPostprocessing = 0;
		};
		2858D683285632B700CD6F60 /* Sources */ = {
			isa = PBXSourcesBuildPhase;
			buildActionMask = 2147483647;
			files = (
				2858D68C285632B700CD6F60 /* AuthIOSTests.swift in Sources */,
			);
			runOnlyForDeploymentPostprocessing = 0;
		};
		2858D68D285632B700CD6F60 /* Sources */ = {
			isa = PBXSourcesBuildPhase;
			buildActionMask = 2147483647;
			files = (
				2858D698285632B700CD6F60 /* AuthIOSUITestsLaunchTests.swift in Sources */,
				2858D696285632B700CD6F60 /* AuthIOSUITests.swift in Sources */,
			);
			runOnlyForDeploymentPostprocessing = 0;
		};
/* End PBXSourcesBuildPhase section */

/* Begin PBXTargetDependency section */
		2858D689285632B700CD6F60 /* PBXTargetDependency */ = {
			isa = PBXTargetDependency;
			target = 2858D66D285632B300CD6F60 /* AuthIOS */;
			targetProxy = 2858D688285632B700CD6F60 /* PBXContainerItemProxy */;
		};
		2858D693285632B700CD6F60 /* PBXTargetDependency */ = {
			isa = PBXTargetDependency;
			target = 2858D66D285632B300CD6F60 /* AuthIOS */;
			targetProxy = 2858D692285632B700CD6F60 /* PBXContainerItemProxy */;
		};
/* End PBXTargetDependency section */

/* Begin PBXVariantGroup section */
		2858D677285632B300CD6F60 /* Main.storyboard */ = {
			isa = PBXVariantGroup;
			children = (
				2858D678285632B300CD6F60 /* Base */,
			);
			name = Main.storyboard;
			sourceTree = "<group>";
		};
		2858D67F285632B700CD6F60 /* LaunchScreen.storyboard */ = {
			isa = PBXVariantGroup;
			children = (
				2858D680285632B700CD6F60 /* Base */,
			);
			name = LaunchScreen.storyboard;
			sourceTree = "<group>";
		};
/* End PBXVariantGroup section */

/* Begin XCBuildConfiguration section */
		2858D699285632B700CD6F60 /* Debug */ = {
			isa = XCBuildConfiguration;
			buildSettings = {
				ALWAYS_SEARCH_USER_PATHS = NO;
				CLANG_ANALYZER_NONNULL = YES;
				CLANG_ANALYZER_NUMBER_OBJECT_CONVERSION = YES_AGGRESSIVE;
				CLANG_CXX_LANGUAGE_STANDARD = "gnu++17";
				CLANG_ENABLE_MODULES = YES;
				CLANG_ENABLE_OBJC_ARC = YES;
				CLANG_ENABLE_OBJC_WEAK = YES;
				CLANG_WARN_BLOCK_CAPTURE_AUTORELEASING = YES;
				CLANG_WARN_BOOL_CONVERSION = YES;
				CLANG_WARN_COMMA = YES;
				CLANG_WARN_CONSTANT_CONVERSION = YES;
				CLANG_WARN_DEPRECATED_OBJC_IMPLEMENTATIONS = YES;
				CLANG_WARN_DIRECT_OBJC_ISA_USAGE = YES_ERROR;
				CLANG_WARN_DOCUMENTATION_COMMENTS = YES;
				CLANG_WARN_EMPTY_BODY = YES;
				CLANG_WARN_ENUM_CONVERSION = YES;
				CLANG_WARN_INFINITE_RECURSION = YES;
				CLANG_WARN_INT_CONVERSION = YES;
				CLANG_WARN_NON_LITERAL_NULL_CONVERSION = YES;
				CLANG_WARN_OBJC_IMPLICIT_RETAIN_SELF = YES;
				CLANG_WARN_OBJC_LITERAL_CONVERSION = YES;
				CLANG_WARN_OBJC_ROOT_CLASS = YES_ERROR;
				CLANG_WARN_QUOTED_INCLUDE_IN_FRAMEWORK_HEADER = YES;
				CLANG_WARN_RANGE_LOOP_ANALYSIS = YES;
				CLANG_WARN_STRICT_PROTOTYPES = YES;
				CLANG_WARN_SUSPICIOUS_MOVE = YES;
				CLANG_WARN_UNGUARDED_AVAILABILITY = YES_AGGRESSIVE;
				CLANG_WARN_UNREACHABLE_CODE = YES;
				CLANG_WARN__DUPLICATE_METHOD_MATCH = YES;
				COPY_PHASE_STRIP = NO;
				DEBUG_INFORMATION_FORMAT = dwarf;
				ENABLE_STRICT_OBJC_MSGSEND = YES;
				ENABLE_TESTABILITY = YES;
				GCC_C_LANGUAGE_STANDARD = gnu11;
				GCC_DYNAMIC_NO_PIC = NO;
				GCC_NO_COMMON_BLOCKS = YES;
				GCC_OPTIMIZATION_LEVEL = 0;
				GCC_PREPROCESSOR_DEFINITIONS = (
					"DEBUG=1",
					"$(inherited)",
				);
				GCC_WARN_64_TO_32_BIT_CONVERSION = YES;
				GCC_WARN_ABOUT_RETURN_TYPE = YES_ERROR;
				GCC_WARN_UNDECLARED_SELECTOR = YES;
				GCC_WARN_UNINITIALIZED_AUTOS = YES_AGGRESSIVE;
				GCC_WARN_UNUSED_FUNCTION = YES;
				GCC_WARN_UNUSED_VARIABLE = YES;
				IPHONEOS_DEPLOYMENT_TARGET = 13.0;
				MTL_ENABLE_DEBUG_INFO = INCLUDE_SOURCE;
				MTL_FAST_MATH = YES;
				ONLY_ACTIVE_ARCH = YES;
				SDKROOT = iphoneos;
				SWIFT_ACTIVE_COMPILATION_CONDITIONS = DEBUG;
				SWIFT_OPTIMIZATION_LEVEL = "-Onone";
			};
			name = Debug;
		};
		2858D69A285632B700CD6F60 /* Release */ = {
			isa = XCBuildConfiguration;
			buildSettings = {
				ALWAYS_SEARCH_USER_PATHS = NO;
				CLANG_ANALYZER_NONNULL = YES;
				CLANG_ANALYZER_NUMBER_OBJECT_CONVERSION = YES_AGGRESSIVE;
				CLANG_CXX_LANGUAGE_STANDARD = "gnu++17";
				CLANG_ENABLE_MODULES = YES;
				CLANG_ENABLE_OBJC_ARC = YES;
				CLANG_ENABLE_OBJC_WEAK = YES;
				CLANG_WARN_BLOCK_CAPTURE_AUTORELEASING = YES;
				CLANG_WARN_BOOL_CONVERSION = YES;
				CLANG_WARN_COMMA = YES;
				CLANG_WARN_CONSTANT_CONVERSION = YES;
				CLANG_WARN_DEPRECATED_OBJC_IMPLEMENTATIONS = YES;
				CLANG_WARN_DIRECT_OBJC_ISA_USAGE = YES_ERROR;
				CLANG_WARN_DOCUMENTATION_COMMENTS = YES;
				CLANG_WARN_EMPTY_BODY = YES;
				CLANG_WARN_ENUM_CONVERSION = YES;
				CLANG_WARN_INFINITE_RECURSION = YES;
				CLANG_WARN_INT_CONVERSION = YES;
				CLANG_WARN_NON_LITERAL_NULL_CONVERSION = YES;
				CLANG_WARN_OBJC_IMPLICIT_RETAIN_SELF = YES;
				CLANG_WARN_OBJC_LITERAL_CONVERSION = YES;
				CLANG_WARN_OBJC_ROOT_CLASS = YES_ERROR;
				CLANG_WARN_QUOTED_INCLUDE_IN_FRAMEWORK_HEADER = YES;
				CLANG_WARN_RANGE_LOOP_ANALYSIS = YES;
				CLANG_WARN_STRICT_PROTOTYPES = YES;
				CLANG_WARN_SUSPICIOUS_MOVE = YES;
				CLANG_WARN_UNGUARDED_AVAILABILITY = YES_AGGRESSIVE;
				CLANG_WARN_UNREACHABLE_CODE = YES;
				CLANG_WARN__DUPLICATE_METHOD_MATCH = YES;
				COPY_PHASE_STRIP = NO;
				DEBUG_INFORMATION_FORMAT = "dwarf-with-dsym";
				ENABLE_NS_ASSERTIONS = NO;
				ENABLE_STRICT_OBJC_MSGSEND = YES;
				GCC_C_LANGUAGE_STANDARD = gnu11;
				GCC_NO_COMMON_BLOCKS = YES;
				GCC_WARN_64_TO_32_BIT_CONVERSION = YES;
				GCC_WARN_ABOUT_RETURN_TYPE = YES_ERROR;
				GCC_WARN_UNDECLARED_SELECTOR = YES;
				GCC_WARN_UNINITIALIZED_AUTOS = YES_AGGRESSIVE;
				GCC_WARN_UNUSED_FUNCTION = YES;
				GCC_WARN_UNUSED_VARIABLE = YES;
				IPHONEOS_DEPLOYMENT_TARGET = 13.0;
				MTL_ENABLE_DEBUG_INFO = NO;
				MTL_FAST_MATH = YES;
				SDKROOT = iphoneos;
				SWIFT_COMPILATION_MODE = wholemodule;
				SWIFT_OPTIMIZATION_LEVEL = "-O";
				VALIDATE_PRODUCT = YES;
			};
			name = Release;
		};
		2858D69C285632B700CD6F60 /* Debug */ = {
			isa = XCBuildConfiguration;
			buildSettings = {
				ASSETCATALOG_COMPILER_APPICON_NAME = AppIcon;
				ASSETCATALOG_COMPILER_GLOBAL_ACCENT_COLOR_NAME = AccentColor;
				CODE_SIGN_STYLE = Automatic;
				CURRENT_PROJECT_VERSION = 1;
				DEVELOPMENT_TEAM = 7DDDGP43MJ;
				GENERATE_INFOPLIST_FILE = YES;
				INFOPLIST_FILE = AuthIOS/Info.plist;
				INFOPLIST_KEY_UIApplicationSupportsIndirectInputEvents = YES;
				INFOPLIST_KEY_UILaunchStoryboardName = LaunchScreen;
				INFOPLIST_KEY_UIMainStoryboardFile = Main;
				INFOPLIST_KEY_UISupportedInterfaceOrientations = UIInterfaceOrientationPortrait;
				INFOPLIST_KEY_UISupportedInterfaceOrientations_iPad = "UIInterfaceOrientationPortrait UIInterfaceOrientationPortraitUpsideDown UIInterfaceOrientationLandscapeLeft UIInterfaceOrientationLandscapeRight";
				INFOPLIST_KEY_UISupportedInterfaceOrientations_iPhone = "UIInterfaceOrientationPortrait UIInterfaceOrientationLandscapeLeft UIInterfaceOrientationLandscapeRight";
				LD_RUNPATH_SEARCH_PATHS = (
					"$(inherited)",
					"@executable_path/Frameworks",
				);
				MARKETING_VERSION = 1.0;
				PRODUCT_BUNDLE_IDENTIFIER = com.vcl.authios.AuthIOS;
				PRODUCT_NAME = "$(TARGET_NAME)";
				SWIFT_EMIT_LOC_STRINGS = YES;
				SWIFT_VERSION = 5.0;
				TARGETED_DEVICE_FAMILY = 1;
			};
			name = Debug;
		};
		2858D69D285632B700CD6F60 /* Release */ = {
			isa = XCBuildConfiguration;
			buildSettings = {
				ASSETCATALOG_COMPILER_APPICON_NAME = AppIcon;
				ASSETCATALOG_COMPILER_GLOBAL_ACCENT_COLOR_NAME = AccentColor;
				CODE_SIGN_STYLE = Automatic;
				CURRENT_PROJECT_VERSION = 1;
				DEVELOPMENT_TEAM = 7DDDGP43MJ;
				GENERATE_INFOPLIST_FILE = YES;
				INFOPLIST_FILE = AuthIOS/Info.plist;
				INFOPLIST_KEY_UIApplicationSupportsIndirectInputEvents = YES;
				INFOPLIST_KEY_UILaunchStoryboardName = LaunchScreen;
				INFOPLIST_KEY_UIMainStoryboardFile = Main;
				INFOPLIST_KEY_UISupportedInterfaceOrientations = UIInterfaceOrientationPortrait;
				INFOPLIST_KEY_UISupportedInterfaceOrientations_iPad = "UIInterfaceOrientationPortrait UIInterfaceOrientationPortraitUpsideDown UIInterfaceOrientationLandscapeLeft UIInterfaceOrientationLandscapeRight";
				INFOPLIST_KEY_UISupportedInterfaceOrientations_iPhone = "UIInterfaceOrientationPortrait UIInterfaceOrientationLandscapeLeft UIInterfaceOrientationLandscapeRight";
				LD_RUNPATH_SEARCH_PATHS = (
					"$(inherited)",
					"@executable_path/Frameworks",
				);
				MARKETING_VERSION = 1.0;
				PRODUCT_BUNDLE_IDENTIFIER = com.vcl.authios.AuthIOS;
				PRODUCT_NAME = "$(TARGET_NAME)";
				SWIFT_EMIT_LOC_STRINGS = YES;
				SWIFT_VERSION = 5.0;
				TARGETED_DEVICE_FAMILY = 1;
			};
			name = Release;
		};
		2858D69F285632B700CD6F60 /* Debug */ = {
			isa = XCBuildConfiguration;
			buildSettings = {
				ALWAYS_EMBED_SWIFT_STANDARD_LIBRARIES = YES;
				BUNDLE_LOADER = "$(TEST_HOST)";
				CODE_SIGN_STYLE = Automatic;
				CURRENT_PROJECT_VERSION = 1;
				DEVELOPMENT_TEAM = 7DDDGP43MJ;
				GENERATE_INFOPLIST_FILE = YES;
				IPHONEOS_DEPLOYMENT_TARGET = 15.5;
				MARKETING_VERSION = 1.0;
				PRODUCT_BUNDLE_IDENTIFIER = com.vcl.authios.AuthIOSTests;
				PRODUCT_NAME = "$(TARGET_NAME)";
				SWIFT_EMIT_LOC_STRINGS = NO;
				SWIFT_VERSION = 5.0;
				TARGETED_DEVICE_FAMILY = "1,2";
				TEST_HOST = "$(BUILT_PRODUCTS_DIR)/AuthIOS.app/AuthIOS";
			};
			name = Debug;
		};
		2858D6A0285632B700CD6F60 /* Release */ = {
			isa = XCBuildConfiguration;
			buildSettings = {
				ALWAYS_EMBED_SWIFT_STANDARD_LIBRARIES = YES;
				BUNDLE_LOADER = "$(TEST_HOST)";
				CODE_SIGN_STYLE = Automatic;
				CURRENT_PROJECT_VERSION = 1;
				DEVELOPMENT_TEAM = 7DDDGP43MJ;
				GENERATE_INFOPLIST_FILE = YES;
				IPHONEOS_DEPLOYMENT_TARGET = 15.5;
				MARKETING_VERSION = 1.0;
				PRODUCT_BUNDLE_IDENTIFIER = com.vcl.authios.AuthIOSTests;
				PRODUCT_NAME = "$(TARGET_NAME)";
				SWIFT_EMIT_LOC_STRINGS = NO;
				SWIFT_VERSION = 5.0;
				TARGETED_DEVICE_FAMILY = "1,2";
				TEST_HOST = "$(BUILT_PRODUCTS_DIR)/AuthIOS.app/AuthIOS";
			};
			name = Release;
		};
		2858D6A2285632B700CD6F60 /* Debug */ = {
			isa = XCBuildConfiguration;
			buildSettings = {
				ALWAYS_EMBED_SWIFT_STANDARD_LIBRARIES = YES;
				CODE_SIGN_STYLE = Automatic;
				CURRENT_PROJECT_VERSION = 1;
				DEVELOPMENT_TEAM = 7DDDGP43MJ;
				GENERATE_INFOPLIST_FILE = YES;
				MARKETING_VERSION = 1.0;
				PRODUCT_BUNDLE_IDENTIFIER = com.vcl.authios.AuthIOSUITests;
				PRODUCT_NAME = "$(TARGET_NAME)";
				SWIFT_EMIT_LOC_STRINGS = NO;
				SWIFT_VERSION = 5.0;
				TARGETED_DEVICE_FAMILY = "1,2";
				TEST_TARGET_NAME = AuthIOS;
			};
			name = Debug;
		};
		2858D6A3285632B700CD6F60 /* Release */ = {
			isa = XCBuildConfiguration;
			buildSettings = {
				ALWAYS_EMBED_SWIFT_STANDARD_LIBRARIES = YES;
				CODE_SIGN_STYLE = Automatic;
				CURRENT_PROJECT_VERSION = 1;
				DEVELOPMENT_TEAM = 7DDDGP43MJ;
				GENERATE_INFOPLIST_FILE = YES;
				MARKETING_VERSION = 1.0;
				PRODUCT_BUNDLE_IDENTIFIER = com.vcl.authios.AuthIOSUITests;
				PRODUCT_NAME = "$(TARGET_NAME)";
				SWIFT_EMIT_LOC_STRINGS = NO;
				SWIFT_VERSION = 5.0;
				TARGETED_DEVICE_FAMILY = "1,2";
				TEST_TARGET_NAME = AuthIOS;
			};
			name = Release;
		};
/* End XCBuildConfiguration section */

/* Begin XCConfigurationList section */
		2858D669285632B300CD6F60 /* Build configuration list for PBXProject "AuthIOS" */ = {
			isa = XCConfigurationList;
			buildConfigurations = (
				2858D699285632B700CD6F60 /* Debug */,
				2858D69A285632B700CD6F60 /* Release */,
			);
			defaultConfigurationIsVisible = 0;
			defaultConfigurationName = Release;
		};
		2858D69B285632B700CD6F60 /* Build configuration list for PBXNativeTarget "AuthIOS" */ = {
			isa = XCConfigurationList;
			buildConfigurations = (
				2858D69C285632B700CD6F60 /* Debug */,
				2858D69D285632B700CD6F60 /* Release */,
			);
			defaultConfigurationIsVisible = 0;
			defaultConfigurationName = Release;
		};
		2858D69E285632B700CD6F60 /* Build configuration list for PBXNativeTarget "AuthIOSTests" */ = {
			isa = XCConfigurationList;
			buildConfigurations = (
				2858D69F285632B700CD6F60 /* Debug */,
				2858D6A0285632B700CD6F60 /* Release */,
			);
			defaultConfigurationIsVisible = 0;
			defaultConfigurationName = Release;
		};
		2858D6A1285632B700CD6F60 /* Build configuration list for PBXNativeTarget "AuthIOSUITests" */ = {
			isa = XCConfigurationList;
			buildConfigurations = (
				2858D6A2285632B700CD6F60 /* Debug */,
				2858D6A3285632B700CD6F60 /* Release */,
			);
			defaultConfigurationIsVisible = 0;
			defaultConfigurationName = Release;
		};
/* End XCConfigurationList section */

/* Begin XCVersionGroup section */
		2858D67A285632B300CD6F60 /* AuthIOS.xcdatamodeld */ = {
			isa = XCVersionGroup;
			children = (
				2858D67B285632B300CD6F60 /* AuthIOS.xcdatamodel */,
			);
			currentVersion = 2858D67B285632B300CD6F60 /* AuthIOS.xcdatamodel */;
			path = AuthIOS.xcdatamodeld;
			sourceTree = "<group>";
			versionGroupType = wrapper.xcdatamodel;
		};
/* End XCVersionGroup section */
	};
	rootObject = 2858D666285632B300CD6F60 /* Project object */;
}
